lockVersion: 2.0.0
id: 09795299-c72f-4daf-9cbf-2273d7600e6e
management:
  docChecksum: 2516596125ef223fbbef6c434d22eaac
  docVersion: 1.0.0
  speakeasyVersion: internal
  generationVersion: 2.237.2
  releaseVersion: 3.1.3
  configChecksum: 48e84448f615be8bfb9d9a793d1b2f32
  repoURL: https://github.com/speakeasy-sdks/hqtan-petstore-2.git
  repoSubDirectory: .
  installationURL: https://github.com/speakeasy-sdks/hqtan-petstore-2.git
features:
  python:
    core: 4.4.2
    globalServerURLs: 2.82.1
generatedFiles:
  - src/hqtan_petstore_2/sdkconfiguration.py
  - src/hqtan_petstore_2/pets.py
  - src/hqtan_petstore_2/sdk.py
  - pylintrc
  - setup.py
  - src/hqtan_petstore_2/__init__.py
  - src/hqtan_petstore_2/utils/__init__.py
  - src/hqtan_petstore_2/utils/retries.py
  - src/hqtan_petstore_2/utils/utils.py
  - src/hqtan_petstore_2/models/errors/sdkerror.py
  - tests/helpers.py
  - src/hqtan_petstore_2/models/operations/createpets.py
  - src/hqtan_petstore_2/models/operations/listpets.py
  - src/hqtan_petstore_2/models/operations/showpetbyid.py
  - src/hqtan_petstore_2/models/shared/error.py
  - src/hqtan_petstore_2/models/shared/pet.py
  - src/hqtan_petstore_2/models/__init__.py
  - src/hqtan_petstore_2/models/errors/__init__.py
  - src/hqtan_petstore_2/models/operations/__init__.py
  - src/hqtan_petstore_2/models/shared/__init__.py
  - docs/models/operations/createpetsresponse.md
  - docs/models/operations/listpetsrequest.md
  - docs/models/operations/listpetsresponse.md
  - docs/models/operations/showpetbyidrequest.md
  - docs/models/operations/showpetbyidresponse.md
  - docs/models/shared/error.md
  - docs/models/shared/pet.md
  - docs/sdks/hqtanpetstore2/README.md
  - docs/sdks/pets/README.md
  - USAGE.md
  - .gitattributes
